
Microsoft Visual Studio Solution File, Format Version 12.00
# Visual Studio 15
VisualStudioVersion = 15.0.28307.1145
MinimumVisualStudioVersion = 10.0.40219.1
Project("{FAE04EC0-301F-11D3-BF4B-00C04F79EFBC}") = "Projekt_proba", "Projekt_proba\Projekt_proba.csproj", "{3B73E86F-5B2E-42C2-A1FC-DAC1EDAED320}"
EndProject
Global
	GlobalSection(SolutionConfigurationPlatforms) = preSolution
		Debug|Any CPU = Debug|Any CPU
		Release|Any CPU = Release|Any CPU
	EndGlobalSection
	GlobalSection(ProjectConfigurationPlatforms) = postSolution
		{3B73E86F-5B2E-42C2-A1FC-DAC1EDAED320}.Debug|Any CPU.ActiveCfg = Debug|Any CPU
		{3B73E86F-5B2E-42C2-A1FC-DAC1EDAED320}.Debug|Any CPU.Build.0 = Debug|Any CPU
		{3B73E86F-5B2E-42C2-A1FC-DAC1EDAED320}.Release|Any CPU.ActiveCfg = Release|Any CPU
		{3B73E86F-5B2E-42C2-A1FC-DAC1EDAED320}.Release|Any CPU.Build.0 = Release|Any CPU
	EndGlobalSection
	GlobalSection(SolutionProperties) = preSolution
		HideSolutionNode = FALSE
	EndGlobalSection
	GlobalSection(ExtensibilityGlobals) = postSolution
		SolutionGuid = {067C41B1-684B-4242-A124-4C7D6801B8FF}
	EndGlobalSection
EndGlobal
